PODS:
  - Alamofire (4.5.1)
  - Bond (6.3.0):
    - Diff (~> 0.5.3)
    - ReactiveKit (~> 3.6.2)
  - Diff (0.5.3)
  - Moya (9.0.0):
    - Moya/Core (= 9.0.0)
  - Moya/Core (9.0.0):
    - Alamofire (~> 4.1)
    - Result (~> 3.0)
  - Nimble (7.0.1)
  - Quick (1.1.0)
  - ReactiveKit (3.6.2)
  - Result (3.2.3)
  - SwiftyJSON (3.1.4)

DEPENDENCIES:
  - Alamofire
  - Bond
  - Moya
  - Nimble
  - Quick
  - SwiftyJSON

SPEC CHECKSUMS:
  Alamofire: 2d95912bf4c34f164fdfc335872e8c312acaea4a
  Bond: 6a15b0635bbaae915d91b4c4ffa1396807530ef3
  Diff: befa1d19c32726b2b36ce915d98793e2fbde8dcc
  Moya: cf5e6ee93af526532f92614004b8ad2ea60fd845
  Nimble: 657d000e11df8aebe27cdaf9d244de7f30ed87f7
  Quick: dafc587e21eed9f4cab3249b9f9015b0b7a7f71d
  ReactiveKit: 59813e52505065d14fa77b453d8be5981eced6b7
  Result: 128640a6347e8d2ae48b142556739a2d13f90ce6
  SwiftyJSON: c2842d878f95482ffceec5709abc3d05680c0220

PODFILE CHECKSUM: b6b75fd2fb26058c5fba712a0903728c77cbd091

COCOAPODS: 1.2.0
